
Microsoft Visual Studio Solution File, Format Version 12.00
# Visual Studio Version 17
VisualStudioVersion = 17.0.31903.59
MinimumVisualStudioVersion = 10.0.40219.1
Project("{2150E333-8FDC-42A3-9474-1A3956D46DE8}") = "src", "src", "{827E0CD3-B72D-47B6-A68D-7590B98EB39B}"
EndProject
Project("{FAE04EC0-301F-11D3-BF4B-00C04F79EFBC}") = "Gbt.Common", "src\Gbt.Common\Gbt.Common.csproj", "{AAEDB26C-B2B0-42B1-996B-4AC55210A0A3}"
EndProject
Project("{FAE04EC0-301F-11D3-BF4B-00C04F79EFBC}") = "Gbt.Hardware", "src\Gbt.Hardware\Gbt.Hardware.csproj", "{1C7322E4-E035-4A79-A5F8-68E8D897033D}"
EndProject
Project("{FAE04EC0-301F-11D3-BF4B-00C04F79EFBC}") = "Gbt.Rgb", "src\Gbt.Rgb\Gbt.Rgb.csproj", "{14A6FD5F-58D8-4EC2-A4C4-D7EA668266D4}"
EndProject
Project("{FAE04EC0-301F-11D3-BF4B-00C04F79EFBC}") = "Gbt.Service", "src\Gbt.Service\Gbt.Service.csproj", "{F850E988-8EFE-4756-862A-B3EA8F635D85}"
EndProject
Project("{FAE04EC0-301F-11D3-BF4B-00C04F79EFBC}") = "Gbt.Tools.DumpEc", "src\Gbt.Tools.DumpEc\Gbt.Tools.DumpEc.csproj", "{57AAB385-FF31-4C02-A29C-A92CC34DB61A}"
EndProject
Project("{2150E333-8FDC-42A3-9474-1A3956D46DE8}") = "tests", "tests", "{0AB3BF05-4346-4AA6-1389-037BE0695223}"
EndProject
Project("{FAE04EC0-301F-11D3-BF4B-00C04F79EFBC}") = "Gbt.Hardware.Tests", "tests\Gbt.Hardware.Tests\Gbt.Hardware.Tests.csproj", "{320B98D4-5FF6-4169-9DCF-C018FBF3A580}"
EndProject
Project("{FAE04EC0-301F-11D3-BF4B-00C04F79EFBC}") = "Gbt.ControlCenter", "src\Gbt.ControlCenter\Gbt.ControlCenter.csproj", "{A2DE0FE4-CC12-4289-9FD5-553D534AC771}"
EndProject
Global
	GlobalSection(SolutionConfigurationPlatforms) = preSolution
		Debug|Any CPU = Debug|Any CPU
		Debug|x64 = Debug|x64
		Debug|x86 = Debug|x86
		Release|Any CPU = Release|Any CPU
		Release|x64 = Release|x64
		Release|x86 = Release|x86
	EndGlobalSection
	GlobalSection(ProjectConfigurationPlatforms) = postSolution
		{AAEDB26C-B2B0-42B1-996B-4AC55210A0A3}.Debug|Any CPU.ActiveCfg = Debug|Any CPU
		{AAEDB26C-B2B0-42B1-996B-4AC55210A0A3}.Debug|Any CPU.Build.0 = Debug|Any CPU
		{AAEDB26C-B2B0-42B1-996B-4AC55210A0A3}.Debug|x64.ActiveCfg = Debug|Any CPU
		{AAEDB26C-B2B0-42B1-996B-4AC55210A0A3}.Debug|x64.Build.0 = Debug|Any CPU
		{AAEDB26C-B2B0-42B1-996B-4AC55210A0A3}.Debug|x86.ActiveCfg = Debug|Any CPU
		{AAEDB26C-B2B0-42B1-996B-4AC55210A0A3}.Debug|x86.Build.0 = Debug|Any CPU
		{AAEDB26C-B2B0-42B1-996B-4AC55210A0A3}.Release|Any CPU.ActiveCfg = Release|Any CPU
		{AAEDB26C-B2B0-42B1-996B-4AC55210A0A3}.Release|Any CPU.Build.0 = Release|Any CPU
		{AAEDB26C-B2B0-42B1-996B-4AC55210A0A3}.Release|x64.ActiveCfg = Release|Any CPU
		{AAEDB26C-B2B0-42B1-996B-4AC55210A0A3}.Release|x64.Build.0 = Release|Any CPU
		{AAEDB26C-B2B0-42B1-996B-4AC55210A0A3}.Release|x86.ActiveCfg = Release|Any CPU
		{AAEDB26C-B2B0-42B1-996B-4AC55210A0A3}.Release|x86.Build.0 = Release|Any CPU
		{1C7322E4-E035-4A79-A5F8-68E8D897033D}.Debug|Any CPU.ActiveCfg = Debug|Any CPU
		{1C7322E4-E035-4A79-A5F8-68E8D897033D}.Debug|Any CPU.Build.0 = Debug|Any CPU
		{1C7322E4-E035-4A79-A5F8-68E8D897033D}.Debug|x64.ActiveCfg = Debug|Any CPU
		{1C7322E4-E035-4A79-A5F8-68E8D897033D}.Debug|x64.Build.0 = Debug|Any CPU
		{1C7322E4-E035-4A79-A5F8-68E8D897033D}.Debug|x86.ActiveCfg = Debug|Any CPU
		{1C7322E4-E035-4A79-A5F8-68E8D897033D}.Debug|x86.Build.0 = Debug|Any CPU
		{1C7322E4-E035-4A79-A5F8-68E8D897033D}.Release|Any CPU.ActiveCfg = Release|Any CPU
		{1C7322E4-E035-4A79-A5F8-68E8D897033D}.Release|Any CPU.Build.0 = Release|Any CPU
		{1C7322E4-E035-4A79-A5F8-68E8D897033D}.Release|x64.ActiveCfg = Release|Any CPU
		{1C7322E4-E035-4A79-A5F8-68E8D897033D}.Release|x64.Build.0 = Release|Any CPU
		{1C7322E4-E035-4A79-A5F8-68E8D897033D}.Release|x86.ActiveCfg = Release|Any CPU
		{1C7322E4-E035-4A79-A5F8-68E8D897033D}.Release|x86.Build.0 = Release|Any CPU
		{14A6FD5F-58D8-4EC2-A4C4-D7EA668266D4}.Debug|Any CPU.ActiveCfg = Debug|Any CPU
		{14A6FD5F-58D8-4EC2-A4C4-D7EA668266D4}.Debug|Any CPU.Build.0 = Debug|Any CPU
		{14A6FD5F-58D8-4EC2-A4C4-D7EA668266D4}.Debug|x64.ActiveCfg = Debug|Any CPU
		{14A6FD5F-58D8-4EC2-A4C4-D7EA668266D4}.Debug|x64.Build.0 = Debug|Any CPU
		{14A6FD5F-58D8-4EC2-A4C4-D7EA668266D4}.Debug|x86.ActiveCfg = Debug|Any CPU
		{14A6FD5F-58D8-4EC2-A4C4-D7EA668266D4}.Debug|x86.Build.0 = Debug|Any CPU
		{14A6FD5F-58D8-4EC2-A4C4-D7EA668266D4}.Release|Any CPU.ActiveCfg = Release|Any CPU
		{14A6FD5F-58D8-4EC2-A4C4-D7EA668266D4}.Release|Any CPU.Build.0 = Release|Any CPU
		{14A6FD5F-58D8-4EC2-A4C4-D7EA668266D4}.Release|x64.ActiveCfg = Release|Any CPU
		{14A6FD5F-58D8-4EC2-A4C4-D7EA668266D4}.Release|x64.Build.0 = Release|Any CPU
		{14A6FD5F-58D8-4EC2-A4C4-D7EA668266D4}.Release|x86.ActiveCfg = Release|Any CPU
		{14A6FD5F-58D8-4EC2-A4C4-D7EA668266D4}.Release|x86.Build.0 = Release|Any CPU
		{F850E988-8EFE-4756-862A-B3EA8F635D85}.Debug|Any CPU.ActiveCfg = Debug|Any CPU
		{F850E988-8EFE-4756-862A-B3EA8F635D85}.Debug|Any CPU.Build.0 = Debug|Any CPU
		{F850E988-8EFE-4756-862A-B3EA8F635D85}.Debug|x64.ActiveCfg = Debug|Any CPU
		{F850E988-8EFE-4756-862A-B3EA8F635D85}.Debug|x64.Build.0 = Debug|Any CPU
		{F850E988-8EFE-4756-862A-B3EA8F635D85}.Debug|x86.ActiveCfg = Debug|Any CPU
		{F850E988-8EFE-4756-862A-B3EA8F635D85}.Debug|x86.Build.0 = Debug|Any CPU
		{F850E988-8EFE-4756-862A-B3EA8F635D85}.Release|Any CPU.ActiveCfg = Release|Any CPU
		{F850E988-8EFE-4756-862A-B3EA8F635D85}.Release|Any CPU.Build.0 = Release|Any CPU
		{F850E988-8EFE-4756-862A-B3EA8F635D85}.Release|x64.ActiveCfg = Release|Any CPU
		{F850E988-8EFE-4756-862A-B3EA8F635D85}.Release|x64.Build.0 = Release|Any CPU
		{F850E988-8EFE-4756-862A-B3EA8F635D85}.Release|x86.ActiveCfg = Release|Any CPU
		{F850E988-8EFE-4756-862A-B3EA8F635D85}.Release|x86.Build.0 = Release|Any CPU
		{57AAB385-FF31-4C02-A29C-A92CC34DB61A}.Debug|Any CPU.ActiveCfg = Debug|Any CPU
		{57AAB385-FF31-4C02-A29C-A92CC34DB61A}.Debug|Any CPU.Build.0 = Debug|Any CPU
		{57AAB385-FF31-4C02-A29C-A92CC34DB61A}.Debug|x64.ActiveCfg = Debug|Any CPU
		{57AAB385-FF31-4C02-A29C-A92CC34DB61A}.Debug|x64.Build.0 = Debug|Any CPU
		{57AAB385-FF31-4C02-A29C-A92CC34DB61A}.Debug|x86.ActiveCfg = Debug|Any CPU
		{57AAB385-FF31-4C02-A29C-A92CC34DB61A}.Debug|x86.Build.0 = Debug|Any CPU
		{57AAB385-FF31-4C02-A29C-A92CC34DB61A}.Release|Any CPU.ActiveCfg = Release|Any CPU
		{57AAB385-FF31-4C02-A29C-A92CC34DB61A}.Release|Any CPU.Build.0 = Release|Any CPU
		{57AAB385-FF31-4C02-A29C-A92CC34DB61A}.Release|x64.ActiveCfg = Release|Any CPU
		{57AAB385-FF31-4C02-A29C-A92CC34DB61A}.Release|x64.Build.0 = Release|Any CPU
		{57AAB385-FF31-4C02-A29C-A92CC34DB61A}.Release|x86.ActiveCfg = Release|Any CPU
		{57AAB385-FF31-4C02-A29C-A92CC34DB61A}.Release|x86.Build.0 = Release|Any CPU
		{320B98D4-5FF6-4169-9DCF-C018FBF3A580}.Debug|Any CPU.ActiveCfg = Debug|Any CPU
		{320B98D4-5FF6-4169-9DCF-C018FBF3A580}.Debug|Any CPU.Build.0 = Debug|Any CPU
		{320B98D4-5FF6-4169-9DCF-C018FBF3A580}.Debug|x64.ActiveCfg = Debug|Any CPU
		{320B98D4-5FF6-4169-9DCF-C018FBF3A580}.Debug|x64.Build.0 = Debug|Any CPU
		{320B98D4-5FF6-4169-9DCF-C018FBF3A580}.Debug|x86.ActiveCfg = Debug|Any CPU
		{320B98D4-5FF6-4169-9DCF-C018FBF3A580}.Debug|x86.Build.0 = Debug|Any CPU
		{320B98D4-5FF6-4169-9DCF-C018FBF3A580}.Release|Any CPU.ActiveCfg = Release|Any CPU
		{320B98D4-5FF6-4169-9DCF-C018FBF3A580}.Release|Any CPU.Build.0 = Release|Any CPU
		{320B98D4-5FF6-4169-9DCF-C018FBF3A580}.Release|x64.ActiveCfg = Release|Any CPU
		{320B98D4-5FF6-4169-9DCF-C018FBF3A580}.Release|x64.Build.0 = Release|Any CPU
		{320B98D4-5FF6-4169-9DCF-C018FBF3A580}.Release|x86.ActiveCfg = Release|Any CPU
		{320B98D4-5FF6-4169-9DCF-C018FBF3A580}.Release|x86.Build.0 = Release|Any CPU
		{A2DE0FE4-CC12-4289-9FD5-553D534AC771}.Debug|Any CPU.ActiveCfg = Debug|Any CPU
		{A2DE0FE4-CC12-4289-9FD5-553D534AC771}.Debug|Any CPU.Build.0 = Debug|Any CPU
		{A2DE0FE4-CC12-4289-9FD5-553D534AC771}.Debug|x64.ActiveCfg = Debug|Any CPU
		{A2DE0FE4-CC12-4289-9FD5-553D534AC771}.Debug|x64.Build.0 = Debug|Any CPU
		{A2DE0FE4-CC12-4289-9FD5-553D534AC771}.Debug|x86.ActiveCfg = Debug|Any CPU
		{A2DE0FE4-CC12-4289-9FD5-553D534AC771}.Debug|x86.Build.0 = Debug|Any CPU
		{A2DE0FE4-CC12-4289-9FD5-553D534AC771}.Release|Any CPU.ActiveCfg = Release|Any CPU
		{A2DE0FE4-CC12-4289-9FD5-553D534AC771}.Release|Any CPU.Build.0 = Release|Any CPU
		{A2DE0FE4-CC12-4289-9FD5-553D534AC771}.Release|x64.ActiveCfg = Release|Any CPU
		{A2DE0FE4-CC12-4289-9FD5-553D534AC771}.Release|x64.Build.0 = Release|Any CPU
		{A2DE0FE4-CC12-4289-9FD5-553D534AC771}.Release|x86.ActiveCfg = Release|Any CPU
		{A2DE0FE4-CC12-4289-9FD5-553D534AC771}.Release|x86.Build.0 = Release|Any CPU
	EndGlobalSection
	GlobalSection(SolutionProperties) = preSolution
		HideSolutionNode = FALSE
	EndGlobalSection
	GlobalSection(NestedProjects) = preSolution
		{AAEDB26C-B2B0-42B1-996B-4AC55210A0A3} = {827E0CD3-B72D-47B6-A68D-7590B98EB39B}
		{1C7322E4-E035-4A79-A5F8-68E8D897033D} = {827E0CD3-B72D-47B6-A68D-7590B98EB39B}
		{14A6FD5F-58D8-4EC2-A4C4-D7EA668266D4} = {827E0CD3-B72D-47B6-A68D-7590B98EB39B}
		{F850E988-8EFE-4756-862A-B3EA8F635D85} = {827E0CD3-B72D-47B6-A68D-7590B98EB39B}
		{57AAB385-FF31-4C02-A29C-A92CC34DB61A} = {827E0CD3-B72D-47B6-A68D-7590B98EB39B}
		{320B98D4-5FF6-4169-9DCF-C018FBF3A580} = {0AB3BF05-4346-4AA6-1389-037BE0695223}
		{A2DE0FE4-CC12-4289-9FD5-553D534AC771} = {827E0CD3-B72D-47B6-A68D-7590B98EB39B}
	EndGlobalSection
EndGlobal
